schema: '2.0'
stages:
  preprocessing:
    cmd: python -m src.stages.preprocessing
    params:
      params.yaml:
        preprocessing:
          dataset_path: data/processed/iris.pkl
    outs:
    - path: data/processed/iris.pkl
      md5: 354f2f619f8237e08faa5e8bbb448cfd
      size: 8578
  train:
    cmd: python -m src.stages.training
    deps:
    - path: data/processed/iris.pkl
      md5: 354f2f619f8237e08faa5e8bbb448cfd
      size: 8578
    params:
      params.yaml:
        training:
          dataset_path: data/processed/iris.pkl
          model_path: models/lr.pkl
          model_kw:
            max_iter: 1
    outs:
    - path: models/lr.pkl
      md5: 5b6df00d9773fa011d3e7ad4c66e0883
      size: 927
  evaluate:
    cmd: python -m src.stages.evaluate
    deps:
    - path: data/processed/iris.pkl
      md5: 354f2f619f8237e08faa5e8bbb448cfd
      size: 8578
    - path: models/lr.pkl
      md5: 5b6df00d9773fa011d3e7ad4c66e0883
      size: 927
    outs:
    - path: reports/metrics.json
      md5: bcbe48282a15967696ef2221fc9ac250
      size: 33
