schema: '2.0'
stages:
  preprocessing:
    cmd: python -m src.stages.preprocessing
    params:
      params.yaml:
        preprocessing:
          dataset_path: data/processed/iris.pkl
    outs:
    - path: data/processed/iris.pkl
      md5: 354f2f619f8237e08faa5e8bbb448cfd
      size: 8578
  train:
    cmd: python -m src.stages.training
    deps:
    - path: data/processed/iris.pkl
      md5: 354f2f619f8237e08faa5e8bbb448cfd
      size: 8578
    params:
      params.yaml:
        training:
          dataset_path: data/processed/iris.pkl
          model_path: models/lr.pkl
          model_kw:
            max_iter: 7
    outs:
    - path: models/lr.pkl
      md5: c64f2a1c3942313a33f0c893234877c4
      size: 927
  evaluate:
    cmd: python -m src.stages.evaluate
    deps:
    - path: data/processed/iris.pkl
      md5: 354f2f619f8237e08faa5e8bbb448cfd
      size: 8578
    - path: models/lr.pkl
      md5: c64f2a1c3942313a33f0c893234877c4
      size: 927
    outs:
    - path: reports/metrics.json
      md5: d282299f4a8b50cc6e45582c25b6b857
      size: 32
