schema: '2.0'
stages:
  preprocessing:
    cmd: python -m src.stages.preprocessing
    params:
      params.yaml:
        preprocessing:
          dataset_path: data/processed/iris.pkl
    outs:
    - path: data/processed/iris.pkl
      md5: 354f2f619f8237e08faa5e8bbb448cfd
      size: 8578
  train:
    cmd: python -m src.stages.training
    deps:
    - path: data/processed/iris.pkl
      md5: 354f2f619f8237e08faa5e8bbb448cfd
      size: 8578
    params:
      params.yaml:
        training:
          dataset_path: data/processed/iris.pkl
          model_path: models/lr.pkl
          model_kw:
            max_iter: 20
    outs:
    - path: models/lr.pkl
      md5: 4306f0801e9d6e22331fa8b4478ac896
      size: 927
  evaluate:
    cmd: python -m src.stages.evaluate
    deps:
    - path: data/processed/iris.pkl
      md5: 354f2f619f8237e08faa5e8bbb448cfd
      size: 8578
    - path: models/lr.pkl
      md5: 4306f0801e9d6e22331fa8b4478ac896
      size: 927
    outs:
    - path: reports/metrics.json
      md5: 3329ba1a6b18407f725a1e25a5500560
      size: 17
